
Microsoft Visual Studio Solution File, Format Version 12.00
# Visual Studio Version 16
VisualStudioVersion = 16.0.28729.10
MinimumVisualStudioVersion = 10.0.40219.1
Project("{FAE04EC0-301F-11D3-BF4B-00C04F79EFBC}") = "SignalRDemo", "SignalRDemo\SignalRDemo.csproj", "{9EEBB099-BB50-4A97-A8E2-D0F73E158682}"
EndProject
Project("{FAE04EC0-301F-11D3-BF4B-00C04F79EFBC}") = "Core.SignalRDemo", "Core.SignalRDemo\Core.SignalRDemo.csproj", "{59D3646D-B150-45CE-8FE5-2E19364D8523}"
EndProject
Global
	GlobalSection(SolutionConfigurationPlatforms) = preSolution
		Debug|Any CPU = Debug|Any CPU
		Release|Any CPU = Release|Any CPU
	EndGlobalSection
	GlobalSection(ProjectConfigurationPlatforms) = postSolution
		{9EEBB099-BB50-4A97-A8E2-D0F73E158682}.Debug|Any CPU.ActiveCfg = Debug|Any CPU
		{9EEBB099-BB50-4A97-A8E2-D0F73E158682}.Debug|Any CPU.Build.0 = Debug|Any CPU
		{9EEBB099-BB50-4A97-A8E2-D0F73E158682}.Release|Any CPU.ActiveCfg = Release|Any CPU
		{9EEBB099-BB50-4A97-A8E2-D0F73E158682}.Release|Any CPU.Build.0 = Release|Any CPU
		{59D3646D-B150-45CE-8FE5-2E19364D8523}.Debug|Any CPU.ActiveCfg = Debug|Any CPU
		{59D3646D-B150-45CE-8FE5-2E19364D8523}.Debug|Any CPU.Build.0 = Debug|Any CPU
		{59D3646D-B150-45CE-8FE5-2E19364D8523}.Release|Any CPU.ActiveCfg = Release|Any CPU
		{59D3646D-B150-45CE-8FE5-2E19364D8523}.Release|Any CPU.Build.0 = Release|Any CPU
	EndGlobalSection
	GlobalSection(SolutionProperties) = preSolution
		HideSolutionNode = FALSE
	EndGlobalSection
	GlobalSection(ExtensibilityGlobals) = postSolution
		SolutionGuid = {131954D7-3C3C-40A0-8AC7-12213474056E}
	EndGlobalSection
EndGlobal
